
Microsoft Visual Studio Solution File, Format Version 12.00
# Visual Studio Version 17
VisualStudioVersion = 17.0.31903.59
MinimumVisualStudioVersion = 10.0.40219.1
Project("{2150E333-8FDC-42A3-9474-1A3956D46DE8}") = "src", "src", "{827E0CD3-B72D-47B6-A68D-7590B98EB39B}"
EndProject
Project("{FAE04EC0-301F-11D3-BF4B-00C04F79EFBC}") = "MyDmsVn.BootstrapSourceGrid", "src\MyDmsVn.BootstrapSourceGrid\MyDmsVn.BootstrapSourceGrid.csproj", "{09E2FC63-3395-4D4F-B0C0-AC7DC68590BD}"
EndProject
Project("{2150E333-8FDC-42A3-9474-1A3956D46DE8}") = "vendor", "vendor", "{3EFB08DA-2EA9-FE77-18DF-C4D4293AFD9C}"
EndProject
Project("{2150E333-8FDC-42A3-9474-1A3956D46DE8}") = "Bootstrap5WinFormUI", "Bootstrap5WinFormUI", "{7BE884B7-CB1C-2228-DAF0-B36D613FD8BB}"
EndProject
Project("{2150E333-8FDC-42A3-9474-1A3956D46DE8}") = "src", "src", "{017399FB-B09F-324D-9EC6-45D27125FC75}"
EndProject
Project("{FAE04EC0-301F-11D3-BF4B-00C04F79EFBC}") = "MyDmsVn.Bootstrap5WinFormUI", "vendor\Bootstrap5WinFormUI\src\MyDmsVn.Bootstrap5WinFormUI\MyDmsVn.Bootstrap5WinFormUI.csproj", "{E8E42763-00FE-42C3-8233-423DF2E3E88F}"
EndProject
Project("{2150E333-8FDC-42A3-9474-1A3956D46DE8}") = "sourcegrid", "sourcegrid", "{08718DDA-7FB0-A164-BEB0-03A47DBF52CF}"
EndProject
Project("{FAE04EC0-301F-11D3-BF4B-00C04F79EFBC}") = "SourceGrid", "vendor\sourcegrid\SourceGrid\SourceGrid.csproj", "{C14BA804-FC4E-4A5C-9E73-06459CA0DEB8}"
EndProject
Project("{2150E333-8FDC-42A3-9474-1A3956D46DE8}") = "tests", "tests", "{0AB3BF05-4346-4AA6-1389-037BE0695223}"
EndProject
Project("{FAE04EC0-301F-11D3-BF4B-00C04F79EFBC}") = "MyDmsVn.BootstrapSourceGrid.Tests", "tests\MyDmsVn.BootstrapSourceGrid.Tests\MyDmsVn.BootstrapSourceGrid.Tests.csproj", "{D09E5560-7416-4A0B-903E-078BFDC5E4FA}"
EndProject
Project("{2150E333-8FDC-42A3-9474-1A3956D46DE8}") = "samples", "samples", "{5D20AA90-6969-D8BD-9DCD-8634F4692FDA}"
EndProject
Project("{FAE04EC0-301F-11D3-BF4B-00C04F79EFBC}") = "MyDmsVn.BootstrapSourceGrid.Demo", "samples\MyDmsVn.BootstrapSourceGrid.Demo\MyDmsVn.BootstrapSourceGrid.Demo.csproj", "{32E9F790-239B-4EB8-9981-3BFD4A604CB6}"
EndProject
Global
	GlobalSection(SolutionConfigurationPlatforms) = preSolution
		Debug|Any CPU = Debug|Any CPU
		Debug|x64 = Debug|x64
		Debug|x86 = Debug|x86
		Release|Any CPU = Release|Any CPU
		Release|x64 = Release|x64
		Release|x86 = Release|x86
	EndGlobalSection
	GlobalSection(ProjectConfigurationPlatforms) = postSolution
		{09E2FC63-3395-4D4F-B0C0-AC7DC68590BD}.Debug|Any CPU.ActiveCfg = Debug|Any CPU
		{09E2FC63-3395-4D4F-B0C0-AC7DC68590BD}.Debug|Any CPU.Build.0 = Debug|Any CPU
		{09E2FC63-3395-4D4F-B0C0-AC7DC68590BD}.Debug|x64.ActiveCfg = Debug|Any CPU
		{09E2FC63-3395-4D4F-B0C0-AC7DC68590BD}.Debug|x64.Build.0 = Debug|Any CPU
		{09E2FC63-3395-4D4F-B0C0-AC7DC68590BD}.Debug|x86.ActiveCfg = Debug|Any CPU
		{09E2FC63-3395-4D4F-B0C0-AC7DC68590BD}.Debug|x86.Build.0 = Debug|Any CPU
		{09E2FC63-3395-4D4F-B0C0-AC7DC68590BD}.Release|Any CPU.ActiveCfg = Release|Any CPU
		{09E2FC63-3395-4D4F-B0C0-AC7DC68590BD}.Release|Any CPU.Build.0 = Release|Any CPU
		{09E2FC63-3395-4D4F-B0C0-AC7DC68590BD}.Release|x64.ActiveCfg = Release|Any CPU
		{09E2FC63-3395-4D4F-B0C0-AC7DC68590BD}.Release|x64.Build.0 = Release|Any CPU
		{09E2FC63-3395-4D4F-B0C0-AC7DC68590BD}.Release|x86.ActiveCfg = Release|Any CPU
		{09E2FC63-3395-4D4F-B0C0-AC7DC68590BD}.Release|x86.Build.0 = Release|Any CPU
		{E8E42763-00FE-42C3-8233-423DF2E3E88F}.Debug|Any CPU.ActiveCfg = Debug|Any CPU
		{E8E42763-00FE-42C3-8233-423DF2E3E88F}.Debug|Any CPU.Build.0 = Debug|Any CPU
		{E8E42763-00FE-42C3-8233-423DF2E3E88F}.Debug|x64.ActiveCfg = Debug|Any CPU
		{E8E42763-00FE-42C3-8233-423DF2E3E88F}.Debug|x64.Build.0 = Debug|Any CPU
		{E8E42763-00FE-42C3-8233-423DF2E3E88F}.Debug|x86.ActiveCfg = Debug|Any CPU
		{E8E42763-00FE-42C3-8233-423DF2E3E88F}.Debug|x86.Build.0 = Debug|Any CPU
		{E8E42763-00FE-42C3-8233-423DF2E3E88F}.Release|Any CPU.ActiveCfg = Release|Any CPU
		{E8E42763-00FE-42C3-8233-423DF2E3E88F}.Release|Any CPU.Build.0 = Release|Any CPU
		{E8E42763-00FE-42C3-8233-423DF2E3E88F}.Release|x64.ActiveCfg = Release|Any CPU
		{E8E42763-00FE-42C3-8233-423DF2E3E88F}.Release|x64.Build.0 = Release|Any CPU
		{E8E42763-00FE-42C3-8233-423DF2E3E88F}.Release|x86.ActiveCfg = Release|Any CPU
		{E8E42763-00FE-42C3-8233-423DF2E3E88F}.Release|x86.Build.0 = Release|Any CPU
		{C14BA804-FC4E-4A5C-9E73-06459CA0DEB8}.Debug|Any CPU.ActiveCfg = Debug|Any CPU
		{C14BA804-FC4E-4A5C-9E73-06459CA0DEB8}.Debug|Any CPU.Build.0 = Debug|Any CPU
		{C14BA804-FC4E-4A5C-9E73-06459CA0DEB8}.Debug|x64.ActiveCfg = Debug|Any CPU
		{C14BA804-FC4E-4A5C-9E73-06459CA0DEB8}.Debug|x64.Build.0 = Debug|Any CPU
		{C14BA804-FC4E-4A5C-9E73-06459CA0DEB8}.Debug|x86.ActiveCfg = Debug|Any CPU
		{C14BA804-FC4E-4A5C-9E73-06459CA0DEB8}.Debug|x86.Build.0 = Debug|Any CPU
		{C14BA804-FC4E-4A5C-9E73-06459CA0DEB8}.Release|Any CPU.ActiveCfg = Release|Any CPU
		{C14BA804-FC4E-4A5C-9E73-06459CA0DEB8}.Release|Any CPU.Build.0 = Release|Any CPU
		{C14BA804-FC4E-4A5C-9E73-06459CA0DEB8}.Release|x64.ActiveCfg = Release|Any CPU
		{C14BA804-FC4E-4A5C-9E73-06459CA0DEB8}.Release|x64.Build.0 = Release|Any CPU
		{C14BA804-FC4E-4A5C-9E73-06459CA0DEB8}.Release|x86.ActiveCfg = Release|Any CPU
		{C14BA804-FC4E-4A5C-9E73-06459CA0DEB8}.Release|x86.Build.0 = Release|Any CPU
		{D09E5560-7416-4A0B-903E-078BFDC5E4FA}.Debug|Any CPU.ActiveCfg = Debug|Any CPU
		{D09E5560-7416-4A0B-903E-078BFDC5E4FA}.Debug|Any CPU.Build.0 = Debug|Any CPU
		{D09E5560-7416-4A0B-903E-078BFDC5E4FA}.Debug|x64.ActiveCfg = Debug|Any CPU
		{D09E5560-7416-4A0B-903E-078BFDC5E4FA}.Debug|x64.Build.0 = Debug|Any CPU
		{D09E5560-7416-4A0B-903E-078BFDC5E4FA}.Debug|x86.ActiveCfg = Debug|Any CPU
		{D09E5560-7416-4A0B-903E-078BFDC5E4FA}.Debug|x86.Build.0 = Debug|Any CPU
		{D09E5560-7416-4A0B-903E-078BFDC5E4FA}.Release|Any CPU.ActiveCfg = Release|Any CPU
		{D09E5560-7416-4A0B-903E-078BFDC5E4FA}.Release|Any CPU.Build.0 = Release|Any CPU
		{D09E5560-7416-4A0B-903E-078BFDC5E4FA}.Release|x64.ActiveCfg = Release|Any CPU
		{D09E5560-7416-4A0B-903E-078BFDC5E4FA}.Release|x64.Build.0 = Release|Any CPU
		{D09E5560-7416-4A0B-903E-078BFDC5E4FA}.Release|x86.ActiveCfg = Release|Any CPU
		{D09E5560-7416-4A0B-903E-078BFDC5E4FA}.Release|x86.Build.0 = Release|Any CPU
		{32E9F790-239B-4EB8-9981-3BFD4A604CB6}.Debug|Any CPU.ActiveCfg = Debug|Any CPU
		{32E9F790-239B-4EB8-9981-3BFD4A604CB6}.Debug|Any CPU.Build.0 = Debug|Any CPU
		{32E9F790-239B-4EB8-9981-3BFD4A604CB6}.Debug|x64.ActiveCfg = Debug|Any CPU
		{32E9F790-239B-4EB8-9981-3BFD4A604CB6}.Debug|x64.Build.0 = Debug|Any CPU
		{32E9F790-239B-4EB8-9981-3BFD4A604CB6}.Debug|x86.ActiveCfg = Debug|Any CPU
		{32E9F790-239B-4EB8-9981-3BFD4A604CB6}.Debug|x86.Build.0 = Debug|Any CPU
		{32E9F790-239B-4EB8-9981-3BFD4A604CB6}.Release|Any CPU.ActiveCfg = Release|Any CPU
		{32E9F790-239B-4EB8-9981-3BFD4A604CB6}.Release|Any CPU.Build.0 = Release|Any CPU
		{32E9F790-239B-4EB8-9981-3BFD4A604CB6}.Release|x64.ActiveCfg = Release|Any CPU
		{32E9F790-239B-4EB8-9981-3BFD4A604CB6}.Release|x64.Build.0 = Release|Any CPU
		{32E9F790-239B-4EB8-9981-3BFD4A604CB6}.Release|x86.ActiveCfg = Release|Any CPU
		{32E9F790-239B-4EB8-9981-3BFD4A604CB6}.Release|x86.Build.0 = Release|Any CPU
	EndGlobalSection
	GlobalSection(SolutionProperties) = preSolution
		HideSolutionNode = FALSE
	EndGlobalSection
	GlobalSection(NestedProjects) = preSolution
		{09E2FC63-3395-4D4F-B0C0-AC7DC68590BD} = {827E0CD3-B72D-47B6-A68D-7590B98EB39B}
		{7BE884B7-CB1C-2228-DAF0-B36D613FD8BB} = {3EFB08DA-2EA9-FE77-18DF-C4D4293AFD9C}
		{017399FB-B09F-324D-9EC6-45D27125FC75} = {7BE884B7-CB1C-2228-DAF0-B36D613FD8BB}
		{E8E42763-00FE-42C3-8233-423DF2E3E88F} = {017399FB-B09F-324D-9EC6-45D27125FC75}
		{08718DDA-7FB0-A164-BEB0-03A47DBF52CF} = {3EFB08DA-2EA9-FE77-18DF-C4D4293AFD9C}
		{C14BA804-FC4E-4A5C-9E73-06459CA0DEB8} = {08718DDA-7FB0-A164-BEB0-03A47DBF52CF}
		{D09E5560-7416-4A0B-903E-078BFDC5E4FA} = {0AB3BF05-4346-4AA6-1389-037BE0695223}
		{32E9F790-239B-4EB8-9981-3BFD4A604CB6} = {5D20AA90-6969-D8BD-9DCD-8634F4692FDA}
	EndGlobalSection
EndGlobal
